
Microsoft Visual Studio Solution File, Format Version 12.00
# Visual Studio 15
VisualStudioVersion = 15.0.27130.2026
MinimumVisualStudioVersion = 10.0.40219.1
Project("{FAE04EC0-301F-11D3-BF4B-00C04F79EFBC}") = "Paths.ConsoleApp", "Paths.ConsoleApp\Paths.ConsoleApp.csproj", "{25D1F6CC-8C65-4EB7-9DE1-B2CA4755EEA1}"
EndProject
Global
	GlobalSection(SolutionConfigurationPlatforms) = preSolution
		Debug|Any CPU = Debug|Any CPU
		Release|Any CPU = Release|Any CPU
	EndGlobalSection
	GlobalSection(ProjectConfigurationPlatforms) = postSolution
		{25D1F6CC-8C65-4EB7-9DE1-B2CA4755EEA1}.Debug|Any CPU.ActiveCfg = Debug|Any CPU
		{25D1F6CC-8C65-4EB7-9DE1-B2CA4755EEA1}.Debug|Any CPU.Build.0 = Debug|Any CPU
		{25D1F6CC-8C65-4EB7-9DE1-B2CA4755EEA1}.Release|Any CPU.ActiveCfg = Release|Any CPU
		{25D1F6CC-8C65-4EB7-9DE1-B2CA4755EEA1}.Release|Any CPU.Build.0 = Release|Any CPU
	EndGlobalSection
	GlobalSection(SolutionProperties) = preSolution
		HideSolutionNode = FALSE
	EndGlobalSection
	GlobalSection(ExtensibilityGlobals) = postSolution
		SolutionGuid = {38F62531-9FAD-414C-A202-0DE12EA76BA3}
	EndGlobalSection
EndGlobal
